
Microsoft Visual Studio Solution File, Format Version 12.00
# Visual Studio Version 17
VisualStudioVersion = 17.11.35312.102
MinimumVisualStudioVersion = 10.0.40219.1
Project("{FAE04EC0-301F-11D3-BF4B-00C04F79EFBC}") = "OgistoInjection", "OgistoInjection\OgistoInjection.csproj", "{E2B5678E-2CAC-41AD-8556-B7A7EB6E85E0}"
EndProject
Global
	GlobalSection(SolutionConfigurationPlatforms) = preSolution
		Debug|Any CPU = Debug|Any CPU
		Release|Any CPU = Release|Any CPU
	EndGlobalSection
	GlobalSection(ProjectConfigurationPlatforms) = postSolution
		{E2B5678E-2CAC-41AD-8556-B7A7EB6E85E0}.Debug|Any CPU.ActiveCfg = Debug|Any CPU
		{E2B5678E-2CAC-41AD-8556-B7A7EB6E85E0}.Debug|Any CPU.Build.0 = Debug|Any CPU
		{E2B5678E-2CAC-41AD-8556-B7A7EB6E85E0}.Release|Any CPU.ActiveCfg = Release|Any CPU
		{E2B5678E-2CAC-41AD-8556-B7A7EB6E85E0}.Release|Any CPU.Build.0 = Release|Any CPU
	EndGlobalSection
	GlobalSection(SolutionProperties) = preSolution
		HideSolutionNode = FALSE
	EndGlobalSection
	GlobalSection(ExtensibilityGlobals) = postSolution
		SolutionGuid = {63B25ED1-36E8-41C3-93EA-7BCFA466538A}
	EndGlobalSection
EndGlobal
